// !$*UTF8*$!
{
	archiveVersion = 1;
	classes = {
	};
	objectVersion = 56;
	objects = {

/* Begin PBXBuildFile section */
		0392F2A62B58686B00E1BA82 /* WebMDInterviewTestSwiftUIApp.swift in Sources */ = {isa = PBXBuildFile; fileRef = 0392F2A52B58686B00E1BA82 /* WebMDInterviewTestSwiftUIApp.swift */; };
		0392F2AA2B58686D00E1BA82 /* Assets.xcassets in Resources */ = {isa = PBXBuildFile; fileRef = 0392F2A92B58686D00E1BA82 /* Assets.xcassets */; };
		0392F2AD2B58686D00E1BA82 /* Preview Assets.xcassets in Resources */ = {isa = PBXBuildFile; fileRef = 0392F2AC2B58686D00E1BA82 /* Preview Assets.xcassets */; };
		0392F2B72B58686D00E1BA82 /* WebMDInterviewTestSwiftUITests.swift in Sources */ = {isa = PBXBuildFile; fileRef = 0392F2B62B58686D00E1BA82 /* WebMDInterviewTestSwiftUITests.swift */; };
		0392F2D42B586EC700E1BA82 /* NewsListView.swift in Sources */ = {isa = PBXBuildFile; fileRef = 0392F2D32B586E4300E1BA82 /* NewsListView.swift */; };
		0392F2D52B586ECB00E1BA82 /* NewsAPI.swift in Sources */ = {isa = PBXBuildFile; fileRef = 0392F2D12B586CE700E1BA82 /* NewsAPI.swift */; };
		0392F2D62B586ED100E1BA82 /* NewsFeedViewModel.swift in Sources */ = {isa = PBXBuildFile; fileRef = 0392F2D02B586C2500E1BA82 /* NewsFeedViewModel.swift */; };
		0392F2D72B586ED400E1BA82 /* NewsArticle.swift in Sources */ = {isa = PBXBuildFile; fileRef = 0392F2D22B586E0500E1BA82 /* NewsArticle.swift */; };
		0392F2D92B586F4500E1BA82 /* NewsArticleView.swift in Sources */ = {isa = PBXBuildFile; fileRef = 0392F2D82B586F4500E1BA82 /* NewsArticleView.swift */; };
		0392F2DC2B5990BA00E1BA82 /* NewsAPI.swift in Sources */ = {isa = PBXBuildFile; fileRef = 0392F2D12B586CE700E1BA82 /* NewsAPI.swift */; };
		0392F2DD2B5990EB00E1BA82 /* NewsArticle.swift in Sources */ = {isa = PBXBuildFile; fileRef = 0392F2D22B586E0500E1BA82 /* NewsArticle.swift */; };
		AA0160C62C47F878007D3F7C /* NewsListCell.swift in Sources */ = {isa = PBXBuildFile; fileRef = AA0160C52C47F878007D3F7C /* NewsListCell.swift */; };
		AA0160C82C497CE3007D3F7C /* NewsArticleViewModel.swift in Sources */ = {isa = PBXBuildFile; fileRef = AA0160C72C497CE3007D3F7C /* NewsArticleViewModel.swift */; };
		AA0160CD2C497FEC007D3F7C /* NewsData.swift in Sources */ = {isa = PBXBuildFile; fileRef = AA0160CC2C497FEC007D3F7C /* NewsData.swift */; };
		AA0160CF2C497FFF007D3F7C /* Source.swift in Sources */ = {isa = PBXBuildFile; fileRef = AA0160CE2C497FFF007D3F7C /* Source.swift */; };
		AA0160D12C498E73007D3F7C /* MockURLProtocol.swift in Sources */ = {isa = PBXBuildFile; fileRef = AA0160D02C498E73007D3F7C /* MockURLProtocol.swift */; };
/* End PBXBuildFile section */

/* Begin PBXContainerItemProxy section */
		0392F2B32B58686D00E1BA82 /* PBXContainerItemProxy */ = {
			isa = PBXContainerItemProxy;
			containerPortal = 0392F29A2B58686A00E1BA82 /* Project object */;
			proxyType = 1;
			remoteGlobalIDString = 0392F2A12B58686B00E1BA82;
			remoteInfo = WebMDInterviewTestSwiftUI;
		};
/* End PBXContainerItemProxy section */

/* Begin PBXFileReference section */
		0392F2A22B58686B00E1BA82 /* WebMDInterviewTestSwiftUI.app */ = {isa = PBXFileReference; explicitFileType = wrapper.application; includeInIndex = 0; path = WebMDInterviewTestSwiftUI.app; sourceTree = BUILT_PRODUCTS_DIR; };
		0392F2A52B58686B00E1BA82 /* WebMDInterviewTestSwiftUIApp.swift */ = {isa = PBXFileReference; lastKnownFileType = sourcecode.swift; path = WebMDInterviewTestSwiftUIApp.swift; sourceTree = "<group>"; };
		0392F2A92B58686D00E1BA82 /* Assets.xcassets */ = {isa = PBXFileReference; lastKnownFileType = folder.assetcatalog; path = Assets.xcassets; sourceTree = "<group>"; };
		0392F2AC2B58686D00E1BA82 /* Preview Assets.xcassets */ = {isa = PBXFileReference; lastKnownFileType = folder.assetcatalog; path = "Preview Assets.xcassets"; sourceTree = "<group>"; };
		0392F2B22B58686D00E1BA82 /* WebMDInterviewTestSwiftUITests.xctest */ = {isa = PBXFileReference; explicitFileType = wrapper.cfbundle; includeInIndex = 0; path = WebMDInterviewTestSwiftUITests.xctest; sourceTree = BUILT_PRODUCTS_DIR; };
		0392F2B62B58686D00E1BA82 /* WebMDInterviewTestSwiftUITests.swift */ = {isa = PBXFileReference; lastKnownFileType = sourcecode.swift; path = WebMDInterviewTestSwiftUITests.swift; sourceTree = "<group>"; };
		0392F2CF2B58689C00E1BA82 /* README.md */ = {isa = PBXFileReference; lastKnownFileType = net.daringfireball.markdown; path = README.md; sourceTree = "<group>"; };
		0392F2D02B586C2500E1BA82 /* NewsFeedViewModel.swift */ = {isa = PBXFileReference; lastKnownFileType = sourcecode.swift; path = NewsFeedViewModel.swift; sourceTree = "<group>"; };
		0392F2D12B586CE700E1BA82 /* NewsAPI.swift */ = {isa = PBXFileReference; lastKnownFileType = sourcecode.swift; path = NewsAPI.swift; sourceTree = "<group>"; };
		0392F2D22B586E0500E1BA82 /* NewsArticle.swift */ = {isa = PBXFileReference; lastKnownFileType = sourcecode.swift; path = NewsArticle.swift; sourceTree = "<group>"; };
		0392F2D32B586E4300E1BA82 /* NewsListView.swift */ = {isa = PBXFileReference; lastKnownFileType = sourcecode.swift; path = NewsListView.swift; sourceTree = "<group>"; };
		0392F2D82B586F4500E1BA82 /* NewsArticleView.swift */ = {isa = PBXFileReference; lastKnownFileType = sourcecode.swift; path = NewsArticleView.swift; sourceTree = "<group>"; };
		AA0160C52C47F878007D3F7C /* NewsListCell.swift */ = {isa = PBXFileReference; lastKnownFileType = sourcecode.swift; path = NewsListCell.swift; sourceTree = "<group>"; };
		AA0160C72C497CE3007D3F7C /* NewsArticleViewModel.swift */ = {isa = PBXFileReference; lastKnownFileType = sourcecode.swift; path = NewsArticleViewModel.swift; sourceTree = "<group>"; };
		AA0160CC2C497FEC007D3F7C /* NewsData.swift */ = {isa = PBXFileReference; lastKnownFileType = sourcecode.swift; path = NewsData.swift; sourceTree = "<group>"; };
		AA0160CE2C497FFF007D3F7C /* Source.swift */ = {isa = PBXFileReference; lastKnownFileType = sourcecode.swift; path = Source.swift; sourceTree = "<group>"; };
		AA0160D02C498E73007D3F7C /* MockURLProtocol.swift */ = {isa = PBXFileReference; lastKnownFileType = sourcecode.swift; path = MockURLProtocol.swift; sourceTree = "<group>"; };
/* End PBXFileReference section */

/* Begin PBXFrameworksBuildPhase section */
		0392F29F2B58686B00E1BA82 /* Frameworks */ = {
			isa = PBXFrameworksBuildPhase;
			buildActionMask = 2147483647;
			files = (
			);
			runOnlyForDeploymentPostprocessing = 0;
		};
		0392F2AF2B58686D00E1BA82 /* Frameworks */ = {
			isa = PBXFrameworksBuildPhase;
			buildActionMask = 2147483647;
			files = (
			);
			runOnlyForDeploymentPostprocessing = 0;
		};
/* End PBXFrameworksBuildPhase section */

/* Begin PBXGroup section */
		0392F2992B58686A00E1BA82 = {
			isa = PBXGroup;
			children = (
				0392F2CF2B58689C00E1BA82 /* README.md */,
				0392F2A42B58686B00E1BA82 /* WebMDInterviewTestSwiftUI */,
				0392F2B52B58686D00E1BA82 /* WebMDInterviewTestSwiftUITests */,
				0392F2A32B58686B00E1BA82 /* Products */,
			);
			sourceTree = "<group>";
		};
		0392F2A32B58686B00E1BA82 /* Products */ = {
			isa = PBXGroup;
			children = (
				0392F2A22B58686B00E1BA82 /* WebMDInterviewTestSwiftUI.app */,
				0392F2B22B58686D00E1BA82 /* WebMDInterviewTestSwiftUITests.xctest */,
			);
			name = Products;
			sourceTree = "<group>";
		};
		0392F2A42B58686B00E1BA82 /* WebMDInterviewTestSwiftUI */ = {
			isa = PBXGroup;
			children = (
				AA0160CB2C497FBF007D3F7C /* ViewModel */,
				AA0160CA2C497F51007D3F7C /* Model */,
				AA0160C92C497F3C007D3F7C /* View */,
				0392F2A52B58686B00E1BA82 /* WebMDInterviewTestSwiftUIApp.swift */,
				0392F2A92B58686D00E1BA82 /* Assets.xcassets */,
				0392F2AB2B58686D00E1BA82 /* Preview Content */,
			);
			path = WebMDInterviewTestSwiftUI;
			sourceTree = "<group>";
		};
		0392F2AB2B58686D00E1BA82 /* Preview Content */ = {
			isa = PBXGroup;
			children = (
				0392F2AC2B58686D00E1BA82 /* Preview Assets.xcassets */,
			);
			path = "Preview Content";
			sourceTree = "<group>";
		};
		0392F2B52B58686D00E1BA82 /* WebMDInterviewTestSwiftUITests */ = {
			isa = PBXGroup;
			children = (
				0392F2B62B58686D00E1BA82 /* WebMDInterviewTestSwiftUITests.swift */,
				AA0160D02C498E73007D3F7C /* MockURLProtocol.swift */,
			);
			path = WebMDInterviewTestSwiftUITests;
			sourceTree = "<group>";
		};
		AA0160C92C497F3C007D3F7C /* View */ = {
			isa = PBXGroup;
			children = (
				0392F2D32B586E4300E1BA82 /* NewsListView.swift */,
				0392F2D82B586F4500E1BA82 /* NewsArticleView.swift */,
				AA0160C52C47F878007D3F7C /* NewsListCell.swift */,
			);
			path = View;
			sourceTree = "<group>";
		};
		AA0160CA2C497F51007D3F7C /* Model */ = {
			isa = PBXGroup;
			children = (
				0392F2D22B586E0500E1BA82 /* NewsArticle.swift */,
				AA0160CC2C497FEC007D3F7C /* NewsData.swift */,
				AA0160CE2C497FFF007D3F7C /* Source.swift */,
			);
			path = Model;
			sourceTree = "<group>";
		};
		AA0160CB2C497FBF007D3F7C /* ViewModel */ = {
			isa = PBXGroup;
			children = (
				0392F2D02B586C2500E1BA82 /* NewsFeedViewModel.swift */,
				0392F2D12B586CE700E1BA82 /* NewsAPI.swift */,
				AA0160C72C497CE3007D3F7C /* NewsArticleViewModel.swift */,
			);
			path = ViewModel;
			sourceTree = "<group>";
		};
/* End PBXGroup section */

/* Begin PBXNativeTarget section */
		0392F2A12B58686B00E1BA82 /* WebMDInterviewTestSwiftUI */ = {
			isa = PBXNativeTarget;
			buildConfigurationList = 0392F2C62B58686D00E1BA82 /* Build configuration list for PBXNativeTarget "WebMDInterviewTestSwiftUI" */;
			buildPhases = (
				0392F29E2B58686B00E1BA82 /* Sources */,
				0392F29F2B58686B00E1BA82 /* Frameworks */,
				0392F2A02B58686B00E1BA82 /* Resources */,
			);
			buildRules = (
			);
			dependencies = (
			);
			name = WebMDInterviewTestSwiftUI;
			productName = WebMDInterviewTestSwiftUI;
			productReference = 0392F2A22B58686B00E1BA82 /* WebMDInterviewTestSwiftUI.app */;
			productType = "com.apple.product-type.application";
		};
		0392F2B12B58686D00E1BA82 /* WebMDInterviewTestSwiftUITests */ = {
			isa = PBXNativeTarget;
			buildConfigurationList = 0392F2C92B58686D00E1BA82 /* Build configuration list for PBXNativeTarget "WebMDInterviewTestSwiftUITests" */;
			buildPhases = (
				0392F2AE2B58686D00E1BA82 /* Sources */,
				0392F2AF2B58686D00E1BA82 /* Frameworks */,
				0392F2B02B58686D00E1BA82 /* Resources */,
			);
			buildRules = (
			);
			dependencies = (
				0392F2B42B58686D00E1BA82 /* PBXTargetDependency */,
			);
			name = WebMDInterviewTestSwiftUITests;
			productName = WebMDInterviewTestSwiftUITests;
			productReference = 0392F2B22B58686D00E1BA82 /* WebMDInterviewTestSwiftUITests.xctest */;
			productType = "com.apple.product-type.bundle.unit-test";
		};
/* End PBXNativeTarget section */

/* Begin PBXProject section */
		0392F29A2B58686A00E1BA82 /* Project object */ = {
			isa = PBXProject;
			attributes = {
				BuildIndependentTargetsInParallel = 1;
				LastSwiftUpdateCheck = 1420;
				LastUpgradeCheck = 1420;
				TargetAttributes = {
					0392F2A12B58686B00E1BA82 = {
						CreatedOnToolsVersion = 14.2;
					};
					0392F2B12B58686D00E1BA82 = {
						CreatedOnToolsVersion = 14.2;
					};
				};
			};
			buildConfigurationList = 0392F29D2B58686A00E1BA82 /* Build configuration list for PBXProject "WebMDInterviewTestSwiftUI" */;
			compatibilityVersion = "Xcode 14.0";
			developmentRegion = en;
			hasScannedForEncodings = 0;
			knownRegions = (
				en,
				Base,
			);
			mainGroup = 0392F2992B58686A00E1BA82;
			productRefGroup = 0392F2A32B58686B00E1BA82 /* Products */;
			projectDirPath = "";
			projectRoot = "";
			targets = (
				0392F2A12B58686B00E1BA82 /* WebMDInterviewTestSwiftUI */,
				0392F2B12B58686D00E1BA82 /* WebMDInterviewTestSwiftUITests */,
			);
		};
/* End PBXProject section */

/* Begin PBXResourcesBuildPhase section */
		0392F2A02B58686B00E1BA82 /* Resources */ = {
			isa = PBXResourcesBuildPhase;
			buildActionMask = 2147483647;
			files = (
				0392F2AD2B58686D00E1BA82 /* Preview Assets.xcassets in Resources */,
				0392F2AA2B58686D00E1BA82 /* Assets.xcassets in Resources */,
			);
			runOnlyForDeploymentPostprocessing = 0;
		};
		0392F2B02B58686D00E1BA82 /* Resources */ = {
			isa = PBXResourcesBuildPhase;
			buildActionMask = 2147483647;
			files = (
			);
			runOnlyForDeploymentPostprocessing = 0;
		};
/* End PBXResourcesBuildPhase section */

/* Begin PBXSourcesBuildPhase section */
		0392F29E2B58686B00E1BA82 /* Sources */ = {
			isa = PBXSourcesBuildPhase;
			buildActionMask = 2147483647;
			files = (
				0392F2D72B586ED400E1BA82 /* NewsArticle.swift in Sources */,
				0392F2D42B586EC700E1BA82 /* NewsListView.swift in Sources */,
				AA0160C82C497CE3007D3F7C /* NewsArticleViewModel.swift in Sources */,
				0392F2D92B586F4500E1BA82 /* NewsArticleView.swift in Sources */,
				AA0160C62C47F878007D3F7C /* NewsListCell.swift in Sources */,
				0392F2A62B58686B00E1BA82 /* WebMDInterviewTestSwiftUIApp.swift in Sources */,
				0392F2D62B586ED100E1BA82 /* NewsFeedViewModel.swift in Sources */,
				0392F2D52B586ECB00E1BA82 /* NewsAPI.swift in Sources */,
				AA0160CF2C497FFF007D3F7C /* Source.swift in Sources */,
				AA0160CD2C497FEC007D3F7C /* NewsData.swift in Sources */,
			);
			runOnlyForDeploymentPostprocessing = 0;
		};
		0392F2AE2B58686D00E1BA82 /* Sources */ = {
			isa = PBXSourcesBuildPhase;
			buildActionMask = 2147483647;
			files = (
				0392F2B72B58686D00E1BA82 /* WebMDInterviewTestSwiftUITests.swift in Sources */,
				0392F2DD2B5990EB00E1BA82 /* NewsArticle.swift in Sources */,
				0392F2DC2B5990BA00E1BA82 /* NewsAPI.swift in Sources */,
				AA0160D12C498E73007D3F7C /* MockURLProtocol.swift in Sources */,
			);
			runOnlyForDeploymentPostprocessing = 0;
		};
/* End PBXSourcesBuildPhase section */

/* Begin PBXTargetDependency section */
		0392F2B42B58686D00E1BA82 /* PBXTargetDependency */ = {
			isa = PBXTargetDependency;
			target = 0392F2A12B58686B00E1BA82 /* WebMDInterviewTestSwiftUI */;
			targetProxy = 0392F2B32B58686D00E1BA82 /* PBXContainerItemProxy */;
		};
/* End PBXTargetDependency section */

/* Begin XCBuildConfiguration section */
		0392F2C42B58686D00E1BA82 /* Debug */ = {
			isa = XCBuildConfiguration;
			buildSettings = {
				ALWAYS_SEARCH_USER_PATHS = NO;
				CLANG_ANALYZER_NONNULL = YES;
				CLANG_ANALYZER_NUMBER_OBJECT_CONVERSION = YES_AGGRESSIVE;
				CLANG_CXX_LANGUAGE_STANDARD = "gnu++20";
				CLANG_ENABLE_MODULES = YES;
				CLANG_ENABLE_OBJC_ARC = YES;
				CLANG_ENABLE_OBJC_WEAK = YES;
				CLANG_WARN_BLOCK_CAPTURE_AUTORELEASING = YES;
				CLANG_WARN_BOOL_CONVERSION = YES;
				CLANG_WARN_COMMA = YES;
				CLANG_WARN_CONSTANT_CONVERSION = YES;
				CLANG_WARN_DEPRECATED_OBJC_IMPLEMENTATIONS = YES;
				CLANG_WARN_DIRECT_OBJC_ISA_USAGE = YES_ERROR;
				CLANG_WARN_DOCUMENTATION_COMMENTS = YES;
				CLANG_WARN_EMPTY_BODY = YES;
				CLANG_WARN_ENUM_CONVERSION = YES;
				CLANG_WARN_INFINITE_RECURSION = YES;
				CLANG_WARN_INT_CONVERSION = YES;
				CLANG_WARN_NON_LITERAL_NULL_CONVERSION = YES;
				CLANG_WARN_OBJC_IMPLICIT_RETAIN_SELF = YES;
				CLANG_WARN_OBJC_LITERAL_CONVERSION = YES;
				CLANG_WARN_OBJC_ROOT_CLASS = YES_ERROR;
				CLANG_WARN_QUOTED_INCLUDE_IN_FRAMEWORK_HEADER = YES;
				CLANG_WARN_RANGE_LOOP_ANALYSIS = YES;
				CLANG_WARN_STRICT_PROTOTYPES = YES;
				CLANG_WARN_SUSPICIOUS_MOVE = YES;
				CLANG_WARN_UNGUARDED_AVAILABILITY = YES_AGGRESSIVE;
				CLANG_WARN_UNREACHABLE_CODE = YES;
				CLANG_WARN__DUPLICATE_METHOD_MATCH = YES;
				COPY_PHASE_STRIP = NO;
				DEBUG_INFORMATION_FORMAT = dwarf;
				ENABLE_STRICT_OBJC_MSGSEND = YES;
				ENABLE_TESTABILITY = YES;
				GCC_C_LANGUAGE_STANDARD = gnu11;
				GCC_DYNAMIC_NO_PIC = NO;
				GCC_NO_COMMON_BLOCKS = YES;
				GCC_OPTIMIZATION_LEVEL = 0;
				GCC_PREPROCESSOR_DEFINITIONS = (
					"DEBUG=1",
					"$(inherited)",
				);
				GCC_WARN_64_TO_32_BIT_CONVERSION = YES;
				GCC_WARN_ABOUT_RETURN_TYPE = YES_ERROR;
				GCC_WARN_UNDECLARED_SELECTOR = YES;
				GCC_WARN_UNINITIALIZED_AUTOS = YES_AGGRESSIVE;
				GCC_WARN_UNUSED_FUNCTION = YES;
				GCC_WARN_UNUSED_VARIABLE = YES;
				IPHONEOS_DEPLOYMENT_TARGET = 16.2;
				MTL_ENABLE_DEBUG_INFO = INCLUDE_SOURCE;
				MTL_FAST_MATH = YES;
				ONLY_ACTIVE_ARCH = YES;
				SDKROOT = iphoneos;
				SWIFT_ACTIVE_COMPILATION_CONDITIONS = DEBUG;
				SWIFT_OPTIMIZATION_LEVEL = "-Onone";
			};
			name = Debug;
		};
		0392F2C52B58686D00E1BA82 /* Release */ = {
			isa = XCBuildConfiguration;
			buildSettings = {
				ALWAYS_SEARCH_USER_PATHS = NO;
				CLANG_ANALYZER_NONNULL = YES;
				CLANG_ANALYZER_NUMBER_OBJECT_CONVERSION = YES_AGGRESSIVE;
				CLANG_CXX_LANGUAGE_STANDARD = "gnu++20";
				CLANG_ENABLE_MODULES = YES;
				CLANG_ENABLE_OBJC_ARC = YES;
				CLANG_ENABLE_OBJC_WEAK = YES;
				CLANG_WARN_BLOCK_CAPTURE_AUTORELEASING = YES;
				CLANG_WARN_BOOL_CONVERSION = YES;
				CLANG_WARN_COMMA = YES;
				CLANG_WARN_CONSTANT_CONVERSION = YES;
				CLANG_WARN_DEPRECATED_OBJC_IMPLEMENTATIONS = YES;
				CLANG_WARN_DIRECT_OBJC_ISA_USAGE = YES_ERROR;
				CLANG_WARN_DOCUMENTATION_COMMENTS = YES;
				CLANG_WARN_EMPTY_BODY = YES;
				CLANG_WARN_ENUM_CONVERSION = YES;
				CLANG_WARN_INFINITE_RECURSION = YES;
				CLANG_WARN_INT_CONVERSION = YES;
				CLANG_WARN_NON_LITERAL_NULL_CONVERSION = YES;
				CLANG_WARN_OBJC_IMPLICIT_RETAIN_SELF = YES;
				CLANG_WARN_OBJC_LITERAL_CONVERSION = YES;
				CLANG_WARN_OBJC_ROOT_CLASS = YES_ERROR;
				CLANG_WARN_QUOTED_INCLUDE_IN_FRAMEWORK_HEADER = YES;
				CLANG_WARN_RANGE_LOOP_ANALYSIS = YES;
				CLANG_WARN_STRICT_PROTOTYPES = YES;
				CLANG_WARN_SUSPICIOUS_MOVE = YES;
				CLANG_WARN_UNGUARDED_AVAILABILITY = YES_AGGRESSIVE;
				CLANG_WARN_UNREACHABLE_CODE = YES;
				CLANG_WARN__DUPLICATE_METHOD_MATCH = YES;
				COPY_PHASE_STRIP = NO;
				DEBUG_INFORMATION_FORMAT = "dwarf-with-dsym";
				ENABLE_NS_ASSERTIONS = NO;
				ENABLE_STRICT_OBJC_MSGSEND = YES;
				GCC_C_LANGUAGE_STANDARD = gnu11;
				GCC_NO_COMMON_BLOCKS = YES;
				GCC_WARN_64_TO_32_BIT_CONVERSION = YES;
				GCC_WARN_ABOUT_RETURN_TYPE = YES_ERROR;
				GCC_WARN_UNDECLARED_SELECTOR = YES;
				GCC_WARN_UNINITIALIZED_AUTOS = YES_AGGRESSIVE;
				GCC_WARN_UNUSED_FUNCTION = YES;
				GCC_WARN_UNUSED_VARIABLE = YES;
				IPHONEOS_DEPLOYMENT_TARGET = 16.2;
				MTL_ENABLE_DEBUG_INFO = NO;
				MTL_FAST_MATH = YES;
				SDKROOT = iphoneos;
				SWIFT_COMPILATION_MODE = wholemodule;
				SWIFT_OPTIMIZATION_LEVEL = "-O";
				VALIDATE_PRODUCT = YES;
			};
			name = Release;
		};
		0392F2C72B58686D00E1BA82 /* Debug */ = {
			isa = XCBuildConfiguration;
			buildSettings = {
				ASSETCATALOG_COMPILER_APPICON_NAME = AppIcon;
				ASSETCATALOG_COMPILER_GLOBAL_ACCENT_COLOR_NAME = AccentColor;
				CODE_SIGN_STYLE = Automatic;
				CURRENT_PROJECT_VERSION = 1;
				DEVELOPMENT_ASSET_PATHS = "\"WebMDInterviewTestSwiftUI/Preview Content\"";
				DEVELOPMENT_TEAM = 8LTG3VGR5L;
				ENABLE_PREVIEWS = YES;
				GENERATE_INFOPLIST_FILE = YES;
				INFOPLIST_KEY_UIApplicationSceneManifest_Generation = YES;
				INFOPLIST_KEY_UIApplicationSupportsIndirectInputEvents = YES;
				INFOPLIST_KEY_UILaunchScreen_Generation = YES;
				INFOPLIST_KEY_UISupportedInterfaceOrientations_iPad = "UIInterfaceOrientationPortrait UIInterfaceOrientationPortraitUpsideDown UIInterfaceOrientationLandscapeLeft UIInterfaceOrientationLandscapeRight";
				INFOPLIST_KEY_UISupportedInterfaceOrientations_iPhone = "UIInterfaceOrientationPortrait UIInterfaceOrientationLandscapeLeft UIInterfaceOrientationLandscapeRight";
				LD_RUNPATH_SEARCH_PATHS = (
					"$(inherited)",
					"@executable_path/Frameworks",
				);
				MARKETING_VERSION = 1.0;
				PRODUCT_BUNDLE_IDENTIFIER = com.wbmd.WebMDInterviewTestSwiftUI;
				PRODUCT_NAME = "$(TARGET_NAME)";
				SWIFT_EMIT_LOC_STRINGS = YES;
				SWIFT_VERSION = 5.0;
				TARGETED_DEVICE_FAMILY = "1,2";
			};
			name = Debug;
		};
		0392F2C82B58686D00E1BA82 /* Release */ = {
			isa = XCBuildConfiguration;
			buildSettings = {
				ASSETCATALOG_COMPILER_APPICON_NAME = AppIcon;
				ASSETCATALOG_COMPILER_GLOBAL_ACCENT_COLOR_NAME = AccentColor;
				CODE_SIGN_STYLE = Automatic;
				CURRENT_PROJECT_VERSION = 1;
				DEVELOPMENT_ASSET_PATHS = "\"WebMDInterviewTestSwiftUI/Preview Content\"";
				DEVELOPMENT_TEAM = 8LTG3VGR5L;
				ENABLE_PREVIEWS = YES;
				GENERATE_INFOPLIST_FILE = YES;
				INFOPLIST_KEY_UIApplicationSceneManifest_Generation = YES;
				INFOPLIST_KEY_UIApplicationSupportsIndirectInputEvents = YES;
				INFOPLIST_KEY_UILaunchScreen_Generation = YES;
				INFOPLIST_KEY_UISupportedInterfaceOrientations_iPad = "UIInterfaceOrientationPortrait UIInterfaceOrientationPortraitUpsideDown UIInterfaceOrientationLandscapeLeft UIInterfaceOrientationLandscapeRight";
				INFOPLIST_KEY_UISupportedInterfaceOrientations_iPhone = "UIInterfaceOrientationPortrait UIInterfaceOrientationLandscapeLeft UIInterfaceOrientationLandscapeRight";
				LD_RUNPATH_SEARCH_PATHS = (
					"$(inherited)",
					"@executable_path/Frameworks",
				);
				MARKETING_VERSION = 1.0;
				PRODUCT_BUNDLE_IDENTIFIER = com.wbmd.WebMDInterviewTestSwiftUI;
				PRODUCT_NAME = "$(TARGET_NAME)";
				SWIFT_EMIT_LOC_STRINGS = YES;
				SWIFT_VERSION = 5.0;
				TARGETED_DEVICE_FAMILY = "1,2";
			};
			name = Release;
		};
		0392F2CA2B58686D00E1BA82 /* Debug */ = {
			isa = XCBuildConfiguration;
			buildSettings = {
				ALWAYS_EMBED_SWIFT_STANDARD_LIBRARIES = YES;
				CODE_SIGN_STYLE = Automatic;
				CURRENT_PROJECT_VERSION = 1;
				DEVELOPMENT_TEAM = 8LTG3VGR5L;
				GENERATE_INFOPLIST_FILE = YES;
				IPHONEOS_DEPLOYMENT_TARGET = 16.2;
				MARKETING_VERSION = 1.0;
				PRODUCT_BUNDLE_IDENTIFIER = com.wbmd.WebMDInterviewTestSwiftUITests;
				PRODUCT_NAME = "$(TARGET_NAME)";
				SWIFT_EMIT_LOC_STRINGS = NO;
				SWIFT_VERSION = 5.0;
				TARGETED_DEVICE_FAMILY = "1,2";
			};
			name = Debug;
		};
		0392F2CB2B58686D00E1BA82 /* Release */ = {
			isa = XCBuildConfiguration;
			buildSettings = {
				ALWAYS_EMBED_SWIFT_STANDARD_LIBRARIES = YES;
				CODE_SIGN_STYLE = Automatic;
				CURRENT_PROJECT_VERSION = 1;
				DEVELOPMENT_TEAM = 8LTG3VGR5L;
				GENERATE_INFOPLIST_FILE = YES;
				IPHONEOS_DEPLOYMENT_TARGET = 16.2;
				MARKETING_VERSION = 1.0;
				PRODUCT_BUNDLE_IDENTIFIER = com.wbmd.WebMDInterviewTestSwiftUITests;
				PRODUCT_NAME = "$(TARGET_NAME)";
				SWIFT_EMIT_LOC_STRINGS = NO;
				SWIFT_VERSION = 5.0;
				TARGETED_DEVICE_FAMILY = "1,2";
			};
			name = Release;
		};
/* End XCBuildConfiguration section */

/* Begin XCConfigurationList section */
		0392F29D2B58686A00E1BA82 /* Build configuration list for PBXProject "WebMDInterviewTestSwiftUI" */ = {
			isa = XCConfigurationList;
			buildConfigurations = (
				0392F2C42B58686D00E1BA82 /* Debug */,
				0392F2C52B58686D00E1BA82 /* Release */,
			);
			defaultConfigurationIsVisible = 0;
			defaultConfigurationName = Release;
		};
		0392F2C62B58686D00E1BA82 /* Build configuration list for PBXNativeTarget "WebMDInterviewTestSwiftUI" */ = {
			isa = XCConfigurationList;
			buildConfigurations = (
				0392F2C72B58686D00E1BA82 /* Debug */,
				0392F2C82B58686D00E1BA82 /* Release */,
			);
			defaultConfigurationIsVisible = 0;
			defaultConfigurationName = Release;
		};
		0392F2C92B58686D00E1BA82 /* Build configuration list for PBXNativeTarget "WebMDInterviewTestSwiftUITests" */ = {
			isa = XCConfigurationList;
			buildConfigurations = (
				0392F2CA2B58686D00E1BA82 /* Debug */,
				0392F2CB2B58686D00E1BA82 /* Release */,
			);
			defaultConfigurationIsVisible = 0;
			defaultConfigurationName = Release;
		};
/* End XCConfigurationList section */
	};
	rootObject = 0392F29A2B58686A00E1BA82 /* Project object */;
}
